
Microsoft Visual Studio Solution File, Format Version 12.00
# Visual Studio Version 17
VisualStudioVersion = 17.4.33403.182
MinimumVisualStudioVersion = 10.0.40219.1
Project("{FAE04EC0-301F-11D3-BF4B-00C04F79EFBC}") = "Orders", "Orders\Orders.csproj", "{99ED2330-C733-4F95-8BE6-1770A75C690A}"
EndProject
Global
	GlobalSection(SolutionConfigurationPlatforms) = preSolution
		Debug|Any CPU = Debug|Any CPU
		Release|Any CPU = Release|Any CPU
	EndGlobalSection
	GlobalSection(ProjectConfigurationPlatforms) = postSolution
		{99ED2330-C733-4F95-8BE6-1770A75C690A}.Debug|Any CPU.ActiveCfg = Debug|Any CPU
		{99ED2330-C733-4F95-8BE6-1770A75C690A}.Debug|Any CPU.Build.0 = Debug|Any CPU
		{99ED2330-C733-4F95-8BE6-1770A75C690A}.Release|Any CPU.ActiveCfg = Release|Any CPU
		{99ED2330-C733-4F95-8BE6-1770A75C690A}.Release|Any CPU.Build.0 = Release|Any CPU
	EndGlobalSection
	GlobalSection(SolutionProperties) = preSolution
		HideSolutionNode = FALSE
	EndGlobalSection
	GlobalSection(ExtensibilityGlobals) = postSolution
		SolutionGuid = {1D44BA4A-A5A3-4BE5-A838-6676371F5F0A}
	EndGlobalSection
EndGlobal
